# This file is automatically @generated by Cargo.
# It is not intended for manual editing.
version = 4

[[package]]
name = "terminal-app"
version = "0.0.0"

[[package]]
name = "terminal-config"
version = "0.0.0"

[[package]]
name = "terminal-core"
version = "0.0.0"

[[package]]
name = "terminal-platform"
version = "0.0.0"

[[package]]
name = "terminal-pty"
version = "0.0.0"

[[package]]
name = "terminal-renderer"
version = "0.0.0"

[[package]]
name = "terminal-workspace"
version = "0.0.0"
