# This file is automatically @generated by Cargo.
# It is not intended for manual editing.
version = 4

[[package]]
name = "arrayvec"
version = "0.7.8"
source = "registry+https://github.com/rust-lang/crates.io-index"
checksum = "d3fb67a6e08acf24fdeccbac2cb6ac4305825bd1f117462e0e6f2f193345ad56"

[[package]]
name = "memchr"
version = "2.8.3"
source = "registry+https://github.com/rust-lang/crates.io-index"
checksum = "cf8baf1c55e62ffcace7a9f06f4bd9cd3f0c4beb022d3b367256b91b87513d98"

[[package]]
name = "terminal-app"
version = "0.0.0"

[[package]]
name = "terminal-config"
version = "0.0.0"

[[package]]
name = "terminal-core"
version = "0.0.0"
dependencies = [
 "vte",
]

[[package]]
name = "terminal-platform"
version = "0.0.0"

[[package]]
name = "terminal-pty"
version = "0.0.0"

[[package]]
name = "terminal-renderer"
version = "0.0.0"

[[package]]
name = "terminal-workspace"
version = "0.0.0"

[[package]]
name = "vte"
version = "0.15.0"
source = "registry+https://github.com/rust-lang/crates.io-index"
checksum = "a5924018406ce0063cd67f8e008104968b74b563ee1b85dde3ed1f7cb87d3dbd"
dependencies = [
 "arrayvec",
 "memchr",
]
